
Microsoft Visual Studio Solution File, Format Version 12.00
# Visual Studio 15
VisualStudioVersion = 15.0.26228.4
MinimumVisualStudioVersion = 10.0.40219.1
Project("{9A19103F-16F7-4668-BE54-9A1E7A4F7556}") = "Lib.AspNetCore.Mvc.Security", "Lib.AspNetCore.Mvc.Security\Lib.AspNetCore.Mvc.Security.csproj", "{1198B831-93F7-45D1-A797-D4AF389E3D64}"
EndProject
Project("{FAE04EC0-301F-11D3-BF4B-00C04F79EFBC}") = "Lib.AspNetCore.Security", "Lib.AspNetCore.Security\Lib.AspNetCore.Security.csproj", "{25244090-1D8A-4392-86B3-4D6F18B8B3D7}"
EndProject
Global
	GlobalSection(SolutionConfigurationPlatforms) = preSolution
		Debug|Any CPU = Debug|Any CPU
		Release|Any CPU = Release|Any CPU
	EndGlobalSection
	GlobalSection(ProjectConfigurationPlatforms) = postSolution
		{1198B831-93F7-45D1-A797-D4AF389E3D64}.Debug|Any CPU.ActiveCfg = Debug|Any CPU
		{1198B831-93F7-45D1-A797-D4AF389E3D64}.Debug|Any CPU.Build.0 = Debug|Any CPU
		{1198B831-93F7-45D1-A797-D4AF389E3D64}.Release|Any CPU.ActiveCfg = Release|Any CPU
		{1198B831-93F7-45D1-A797-D4AF389E3D64}.Release|Any CPU.Build.0 = Release|Any CPU
		{25244090-1D8A-4392-86B3-4D6F18B8B3D7}.Debug|Any CPU.ActiveCfg = Debug|Any CPU
		{25244090-1D8A-4392-86B3-4D6F18B8B3D7}.Debug|Any CPU.Build.0 = Debug|Any CPU
		{25244090-1D8A-4392-86B3-4D6F18B8B3D7}.Release|Any CPU.ActiveCfg = Release|Any CPU
		{25244090-1D8A-4392-86B3-4D6F18B8B3D7}.Release|Any CPU.Build.0 = Release|Any CPU
	EndGlobalSection
	GlobalSection(SolutionProperties) = preSolution
		HideSolutionNode = FALSE
	EndGlobalSection
EndGlobal
